
Microsoft Visual Studio Solution File, Format Version 12.00
# Visual Studio 15
VisualStudioVersion = 15.0.26124.0
MinimumVisualStudioVersion = 15.0.26124.0
Project("{FAE04EC0-301F-11D3-BF4B-00C04F79EFBC}") = "Vlerx.Es", "Vlerx.Es\Vlerx.Es.csproj", "{1D37241B-72B0-4CE1-BA6F-4CC4EB2804D2}"
EndProject
Project("{FAE04EC0-301F-11D3-BF4B-00C04F79EFBC}") = "Vlerx.Es.EventMapping", "Vlerx.Es.EventMapping\Vlerx.Es.EventMapping.csproj", "{E7FCEAF5-8F9E-40FC-8B28-961A17329C0A}"
EndProject
Project("{FAE04EC0-301F-11D3-BF4B-00C04F79EFBC}") = "Vlerx.InternalMessaging", "Vlerx.InternalMessaging\Vlerx.InternalMessaging.csproj", "{685DC17E-E4C1-4115-963A-EECE9D5BA31B}"
EndProject
Project("{FAE04EC0-301F-11D3-BF4B-00C04F79EFBC}") = "Vlerx.Es.Tests", "Vlerx.Es.Tests\Vlerx.Es.Tests.csproj", "{3D456EBB-120D-4A65-9270-9772835F92F1}"
EndProject
Project("{FAE04EC0-301F-11D3-BF4B-00C04F79EFBC}") = "Vlerx.Es.EventMapping.Tests", "Vlerx.Es.EventMapping.Tests\Vlerx.Es.EventMapping.Tests.csproj", "{C1207534-C83B-4073-A65E-C0BFB701312D}"
EndProject
Project("{FAE04EC0-301F-11D3-BF4B-00C04F79EFBC}") = "Vlerx.InternalMessaging.Tests", "Vlerx.InternalMessaging.Tests\Vlerx.InternalMessaging.Tests.csproj", "{9B42DFE8-EA85-45E0-8D67-24846B6DB583}"
EndProject
Project("{FAE04EC0-301F-11D3-BF4B-00C04F79EFBC}") = "Vlerx.Es.Bdd.Tools", "Vlerx.Es.Bdd.Tools\Vlerx.Es.Bdd.Tools.csproj", "{20E50EF5-E8BF-4CA4-879B-F923B17E1A25}"
EndProject
Project("{FAE04EC0-301F-11D3-BF4B-00C04F79EFBC}") = "Vlerx.Es.Process", "Vlerx.Es.Process\Vlerx.Es.Process.csproj", "{7F3F46DB-CAE0-466B-BC78-11DCFD40CF0B}"
EndProject
Project("{FAE04EC0-301F-11D3-BF4B-00C04F79EFBC}") = "Vlerx.Es.Process.Tests", "Vlerx.Es.Process.Tests\Vlerx.Es.Process.Tests.csproj", "{E7921BDB-A48C-47CB-A130-B3FFA23AC768}"
EndProject
Project("{FAE04EC0-301F-11D3-BF4B-00C04F79EFBC}") = "Vlerx.Es.Messaging", "Vlerx.Es.Messaging\Vlerx.Es.Messaging.csproj", "{23F4E07C-2EFF-4348-9E0A-4EA33A323D46}"
EndProject
Project("{FAE04EC0-301F-11D3-BF4B-00C04F79EFBC}") = "Vlerx.Es.Bdd.Tools.Tests", "Vlerx.Es.Bdd.Tools.Tests\Vlerx.Es.Bdd.Tools.Tests.csproj", "{50D97556-0A65-4B8B-9BA7-8AF7BC5EF78F}"
EndProject
Project("{FAE04EC0-301F-11D3-BF4B-00C04F79EFBC}") = "Vlerx.SampleRuntime", "Sample\Vlerx.SampleRuntime\Vlerx.SampleRuntime.csproj", "{CB402273-7309-4E61-838B-E55730700210}"
EndProject
Project("{FAE04EC0-301F-11D3-BF4B-00C04F79EFBC}") = "Vlerx.SampleService", "Sample\Vlerx.SampleService\Vlerx.SampleService.csproj", "{D079CFAA-7235-464B-8EA0-FAC2D4053DED}"
EndProject
Project("{FAE04EC0-301F-11D3-BF4B-00C04F79EFBC}") = "Vlerx.SampleService.Tests", "Sample\Vlerx.SampleService.Tests\Vlerx.SampleService.Tests.csproj", "{BF4905AF-04CB-40E1-98F4-8183946C0009}"
EndProject
Project("{FAE04EC0-301F-11D3-BF4B-00C04F79EFBC}") = "Vlerx.SampleService.Web", "Sample\Vlerx.SampleService.Web\Vlerx.SampleService.Web.csproj", "{38894636-32F6-4EAB-AD42-7376A11C46EC}"
EndProject
Project("{2150E333-8FDC-42A3-9474-1A3956D46DE8}") = "Sample", "Sample", "{A7869CE7-4930-4F79-92EC-E1CC9C67049F}"
EndProject
Project("{FAE04EC0-301F-11D3-BF4B-00C04F79EFBC}") = "Vlerx.SampleReadSide", "Sample\Vlerx.SampleReadSide\Vlerx.SampleReadSide.csproj", "{6BECEB41-5409-4257-B750-E3647A8E644E}"
EndProject
Project("{FAE04EC0-301F-11D3-BF4B-00C04F79EFBC}") = "Vlerx.SampleContracts", "Sample\Vlerx.SampleContracts\Vlerx.SampleContracts.csproj", "{CB9D9873-462A-4D19-982B-747C9A57F7EB}"
EndProject
Project("{FAE04EC0-301F-11D3-BF4B-00C04F79EFBC}") = "Vlerx.Es.EventStore", "Vlerx.Es.EventStore\Vlerx.Es.EventStore.csproj", "{12995D32-7D1C-45AB-AEED-449427E97412}"
EndProject
Global
	GlobalSection(SolutionConfigurationPlatforms) = preSolution
		Debug|Any CPU = Debug|Any CPU
		Debug|x64 = Debug|x64
		Debug|x86 = Debug|x86
		Release|Any CPU = Release|Any CPU
		Release|x64 = Release|x64
		Release|x86 = Release|x86
	EndGlobalSection
	GlobalSection(SolutionProperties) = preSolution
		HideSolutionNode = FALSE
	EndGlobalSection
	GlobalSection(ProjectConfigurationPlatforms) = postSolution
		{1D37241B-72B0-4CE1-BA6F-4CC4EB2804D2}.Debug|Any CPU.ActiveCfg = Debug|Any CPU
		{1D37241B-72B0-4CE1-BA6F-4CC4EB2804D2}.Debug|Any CPU.Build.0 = Debug|Any CPU
		{1D37241B-72B0-4CE1-BA6F-4CC4EB2804D2}.Debug|x64.ActiveCfg = Debug|Any CPU
		{1D37241B-72B0-4CE1-BA6F-4CC4EB2804D2}.Debug|x64.Build.0 = Debug|Any CPU
		{1D37241B-72B0-4CE1-BA6F-4CC4EB2804D2}.Debug|x86.ActiveCfg = Debug|Any CPU
		{1D37241B-72B0-4CE1-BA6F-4CC4EB2804D2}.Debug|x86.Build.0 = Debug|Any CPU
		{1D37241B-72B0-4CE1-BA6F-4CC4EB2804D2}.Release|Any CPU.ActiveCfg = Release|Any CPU
		{1D37241B-72B0-4CE1-BA6F-4CC4EB2804D2}.Release|Any CPU.Build.0 = Release|Any CPU
		{1D37241B-72B0-4CE1-BA6F-4CC4EB2804D2}.Release|x64.ActiveCfg = Release|Any CPU
		{1D37241B-72B0-4CE1-BA6F-4CC4EB2804D2}.Release|x64.Build.0 = Release|Any CPU
		{1D37241B-72B0-4CE1-BA6F-4CC4EB2804D2}.Release|x86.ActiveCfg = Release|Any CPU
		{1D37241B-72B0-4CE1-BA6F-4CC4EB2804D2}.Release|x86.Build.0 = Release|Any CPU
		{E7FCEAF5-8F9E-40FC-8B28-961A17329C0A}.Debug|Any CPU.ActiveCfg = Debug|Any CPU
		{E7FCEAF5-8F9E-40FC-8B28-961A17329C0A}.Debug|Any CPU.Build.0 = Debug|Any CPU
		{E7FCEAF5-8F9E-40FC-8B28-961A17329C0A}.Debug|x64.ActiveCfg = Debug|Any CPU
		{E7FCEAF5-8F9E-40FC-8B28-961A17329C0A}.Debug|x64.Build.0 = Debug|Any CPU
		{E7FCEAF5-8F9E-40FC-8B28-961A17329C0A}.Debug|x86.ActiveCfg = Debug|Any CPU
		{E7FCEAF5-8F9E-40FC-8B28-961A17329C0A}.Debug|x86.Build.0 = Debug|Any CPU
		{E7FCEAF5-8F9E-40FC-8B28-961A17329C0A}.Release|Any CPU.ActiveCfg = Release|Any CPU
		{E7FCEAF5-8F9E-40FC-8B28-961A17329C0A}.Release|Any CPU.Build.0 = Release|Any CPU
		{E7FCEAF5-8F9E-40FC-8B28-961A17329C0A}.Release|x64.ActiveCfg = Release|Any CPU
		{E7FCEAF5-8F9E-40FC-8B28-961A17329C0A}.Release|x64.Build.0 = Release|Any CPU
		{E7FCEAF5-8F9E-40FC-8B28-961A17329C0A}.Release|x86.ActiveCfg = Release|Any CPU
		{E7FCEAF5-8F9E-40FC-8B28-961A17329C0A}.Release|x86.Build.0 = Release|Any CPU
		{685DC17E-E4C1-4115-963A-EECE9D5BA31B}.Debug|Any CPU.ActiveCfg = Debug|Any CPU
		{685DC17E-E4C1-4115-963A-EECE9D5BA31B}.Debug|Any CPU.Build.0 = Debug|Any CPU
		{685DC17E-E4C1-4115-963A-EECE9D5BA31B}.Debug|x64.ActiveCfg = Debug|Any CPU
		{685DC17E-E4C1-4115-963A-EECE9D5BA31B}.Debug|x64.Build.0 = Debug|Any CPU
		{685DC17E-E4C1-4115-963A-EECE9D5BA31B}.Debug|x86.ActiveCfg = Debug|Any CPU
		{685DC17E-E4C1-4115-963A-EECE9D5BA31B}.Debug|x86.Build.0 = Debug|Any CPU
		{685DC17E-E4C1-4115-963A-EECE9D5BA31B}.Release|Any CPU.ActiveCfg = Release|Any CPU
		{685DC17E-E4C1-4115-963A-EECE9D5BA31B}.Release|Any CPU.Build.0 = Release|Any CPU
		{685DC17E-E4C1-4115-963A-EECE9D5BA31B}.Release|x64.ActiveCfg = Release|Any CPU
		{685DC17E-E4C1-4115-963A-EECE9D5BA31B}.Release|x64.Build.0 = Release|Any CPU
		{685DC17E-E4C1-4115-963A-EECE9D5BA31B}.Release|x86.ActiveCfg = Release|Any CPU
		{685DC17E-E4C1-4115-963A-EECE9D5BA31B}.Release|x86.Build.0 = Release|Any CPU
		{3D456EBB-120D-4A65-9270-9772835F92F1}.Debug|Any CPU.ActiveCfg = Debug|Any CPU
		{3D456EBB-120D-4A65-9270-9772835F92F1}.Debug|Any CPU.Build.0 = Debug|Any CPU
		{3D456EBB-120D-4A65-9270-9772835F92F1}.Debug|x64.ActiveCfg = Debug|Any CPU
		{3D456EBB-120D-4A65-9270-9772835F92F1}.Debug|x64.Build.0 = Debug|Any CPU
		{3D456EBB-120D-4A65-9270-9772835F92F1}.Debug|x86.ActiveCfg = Debug|Any CPU
		{3D456EBB-120D-4A65-9270-9772835F92F1}.Debug|x86.Build.0 = Debug|Any CPU
		{3D456EBB-120D-4A65-9270-9772835F92F1}.Release|Any CPU.ActiveCfg = Release|Any CPU
		{3D456EBB-120D-4A65-9270-9772835F92F1}.Release|Any CPU.Build.0 = Release|Any CPU
		{3D456EBB-120D-4A65-9270-9772835F92F1}.Release|x64.ActiveCfg = Release|Any CPU
		{3D456EBB-120D-4A65-9270-9772835F92F1}.Release|x64.Build.0 = Release|Any CPU
		{3D456EBB-120D-4A65-9270-9772835F92F1}.Release|x86.ActiveCfg = Release|Any CPU
		{3D456EBB-120D-4A65-9270-9772835F92F1}.Release|x86.Build.0 = Release|Any CPU
		{C1207534-C83B-4073-A65E-C0BFB701312D}.Debug|Any CPU.ActiveCfg = Debug|Any CPU
		{C1207534-C83B-4073-A65E-C0BFB701312D}.Debug|Any CPU.Build.0 = Debug|Any CPU
		{C1207534-C83B-4073-A65E-C0BFB701312D}.Debug|x64.ActiveCfg = Debug|Any CPU
		{C1207534-C83B-4073-A65E-C0BFB701312D}.Debug|x64.Build.0 = Debug|Any CPU
		{C1207534-C83B-4073-A65E-C0BFB701312D}.Debug|x86.ActiveCfg = Debug|Any CPU
		{C1207534-C83B-4073-A65E-C0BFB701312D}.Debug|x86.Build.0 = Debug|Any CPU
		{C1207534-C83B-4073-A65E-C0BFB701312D}.Release|Any CPU.ActiveCfg = Release|Any CPU
		{C1207534-C83B-4073-A65E-C0BFB701312D}.Release|Any CPU.Build.0 = Release|Any CPU
		{C1207534-C83B-4073-A65E-C0BFB701312D}.Release|x64.ActiveCfg = Release|Any CPU
		{C1207534-C83B-4073-A65E-C0BFB701312D}.Release|x64.Build.0 = Release|Any CPU
		{C1207534-C83B-4073-A65E-C0BFB701312D}.Release|x86.ActiveCfg = Release|Any CPU
		{C1207534-C83B-4073-A65E-C0BFB701312D}.Release|x86.Build.0 = Release|Any CPU
		{9B42DFE8-EA85-45E0-8D67-24846B6DB583}.Debug|Any CPU.ActiveCfg = Debug|Any CPU
		{9B42DFE8-EA85-45E0-8D67-24846B6DB583}.Debug|Any CPU.Build.0 = Debug|Any CPU
		{9B42DFE8-EA85-45E0-8D67-24846B6DB583}.Debug|x64.ActiveCfg = Debug|Any CPU
		{9B42DFE8-EA85-45E0-8D67-24846B6DB583}.Debug|x64.Build.0 = Debug|Any CPU
		{9B42DFE8-EA85-45E0-8D67-24846B6DB583}.Debug|x86.ActiveCfg = Debug|Any CPU
		{9B42DFE8-EA85-45E0-8D67-24846B6DB583}.Debug|x86.Build.0 = Debug|Any CPU
		{9B42DFE8-EA85-45E0-8D67-24846B6DB583}.Release|Any CPU.ActiveCfg = Release|Any CPU
		{9B42DFE8-EA85-45E0-8D67-24846B6DB583}.Release|Any CPU.Build.0 = Release|Any CPU
		{9B42DFE8-EA85-45E0-8D67-24846B6DB583}.Release|x64.ActiveCfg = Release|Any CPU
		{9B42DFE8-EA85-45E0-8D67-24846B6DB583}.Release|x64.Build.0 = Release|Any CPU
		{9B42DFE8-EA85-45E0-8D67-24846B6DB583}.Release|x86.ActiveCfg = Release|Any CPU
		{9B42DFE8-EA85-45E0-8D67-24846B6DB583}.Release|x86.Build.0 = Release|Any CPU
		{20E50EF5-E8BF-4CA4-879B-F923B17E1A25}.Debug|Any CPU.ActiveCfg = Debug|Any CPU
		{20E50EF5-E8BF-4CA4-879B-F923B17E1A25}.Debug|Any CPU.Build.0 = Debug|Any CPU
		{20E50EF5-E8BF-4CA4-879B-F923B17E1A25}.Debug|x64.ActiveCfg = Debug|Any CPU
		{20E50EF5-E8BF-4CA4-879B-F923B17E1A25}.Debug|x64.Build.0 = Debug|Any CPU
		{20E50EF5-E8BF-4CA4-879B-F923B17E1A25}.Debug|x86.ActiveCfg = Debug|Any CPU
		{20E50EF5-E8BF-4CA4-879B-F923B17E1A25}.Debug|x86.Build.0 = Debug|Any CPU
		{20E50EF5-E8BF-4CA4-879B-F923B17E1A25}.Release|Any CPU.ActiveCfg = Release|Any CPU
		{20E50EF5-E8BF-4CA4-879B-F923B17E1A25}.Release|Any CPU.Build.0 = Release|Any CPU
		{20E50EF5-E8BF-4CA4-879B-F923B17E1A25}.Release|x64.ActiveCfg = Release|Any CPU
		{20E50EF5-E8BF-4CA4-879B-F923B17E1A25}.Release|x64.Build.0 = Release|Any CPU
		{20E50EF5-E8BF-4CA4-879B-F923B17E1A25}.Release|x86.ActiveCfg = Release|Any CPU
		{20E50EF5-E8BF-4CA4-879B-F923B17E1A25}.Release|x86.Build.0 = Release|Any CPU
		{7F3F46DB-CAE0-466B-BC78-11DCFD40CF0B}.Debug|Any CPU.ActiveCfg = Debug|Any CPU
		{7F3F46DB-CAE0-466B-BC78-11DCFD40CF0B}.Debug|Any CPU.Build.0 = Debug|Any CPU
		{7F3F46DB-CAE0-466B-BC78-11DCFD40CF0B}.Debug|x64.ActiveCfg = Debug|Any CPU
		{7F3F46DB-CAE0-466B-BC78-11DCFD40CF0B}.Debug|x64.Build.0 = Debug|Any CPU
		{7F3F46DB-CAE0-466B-BC78-11DCFD40CF0B}.Debug|x86.ActiveCfg = Debug|Any CPU
		{7F3F46DB-CAE0-466B-BC78-11DCFD40CF0B}.Debug|x86.Build.0 = Debug|Any CPU
		{7F3F46DB-CAE0-466B-BC78-11DCFD40CF0B}.Release|Any CPU.ActiveCfg = Release|Any CPU
		{7F3F46DB-CAE0-466B-BC78-11DCFD40CF0B}.Release|Any CPU.Build.0 = Release|Any CPU
		{7F3F46DB-CAE0-466B-BC78-11DCFD40CF0B}.Release|x64.ActiveCfg = Release|Any CPU
		{7F3F46DB-CAE0-466B-BC78-11DCFD40CF0B}.Release|x64.Build.0 = Release|Any CPU
		{7F3F46DB-CAE0-466B-BC78-11DCFD40CF0B}.Release|x86.ActiveCfg = Release|Any CPU
		{7F3F46DB-CAE0-466B-BC78-11DCFD40CF0B}.Release|x86.Build.0 = Release|Any CPU
		{E7921BDB-A48C-47CB-A130-B3FFA23AC768}.Debug|Any CPU.ActiveCfg = Debug|Any CPU
		{E7921BDB-A48C-47CB-A130-B3FFA23AC768}.Debug|Any CPU.Build.0 = Debug|Any CPU
		{E7921BDB-A48C-47CB-A130-B3FFA23AC768}.Debug|x64.ActiveCfg = Debug|Any CPU
		{E7921BDB-A48C-47CB-A130-B3FFA23AC768}.Debug|x64.Build.0 = Debug|Any CPU
		{E7921BDB-A48C-47CB-A130-B3FFA23AC768}.Debug|x86.ActiveCfg = Debug|Any CPU
		{E7921BDB-A48C-47CB-A130-B3FFA23AC768}.Debug|x86.Build.0 = Debug|Any CPU
		{E7921BDB-A48C-47CB-A130-B3FFA23AC768}.Release|Any CPU.ActiveCfg = Release|Any CPU
		{E7921BDB-A48C-47CB-A130-B3FFA23AC768}.Release|Any CPU.Build.0 = Release|Any CPU
		{E7921BDB-A48C-47CB-A130-B3FFA23AC768}.Release|x64.ActiveCfg = Release|Any CPU
		{E7921BDB-A48C-47CB-A130-B3FFA23AC768}.Release|x64.Build.0 = Release|Any CPU
		{E7921BDB-A48C-47CB-A130-B3FFA23AC768}.Release|x86.ActiveCfg = Release|Any CPU
		{E7921BDB-A48C-47CB-A130-B3FFA23AC768}.Release|x86.Build.0 = Release|Any CPU
		{23F4E07C-2EFF-4348-9E0A-4EA33A323D46}.Debug|Any CPU.ActiveCfg = Debug|Any CPU
		{23F4E07C-2EFF-4348-9E0A-4EA33A323D46}.Debug|Any CPU.Build.0 = Debug|Any CPU
		{23F4E07C-2EFF-4348-9E0A-4EA33A323D46}.Debug|x64.ActiveCfg = Debug|Any CPU
		{23F4E07C-2EFF-4348-9E0A-4EA33A323D46}.Debug|x64.Build.0 = Debug|Any CPU
		{23F4E07C-2EFF-4348-9E0A-4EA33A323D46}.Debug|x86.ActiveCfg = Debug|Any CPU
		{23F4E07C-2EFF-4348-9E0A-4EA33A323D46}.Debug|x86.Build.0 = Debug|Any CPU
		{23F4E07C-2EFF-4348-9E0A-4EA33A323D46}.Release|Any CPU.ActiveCfg = Release|Any CPU
		{23F4E07C-2EFF-4348-9E0A-4EA33A323D46}.Release|Any CPU.Build.0 = Release|Any CPU
		{23F4E07C-2EFF-4348-9E0A-4EA33A323D46}.Release|x64.ActiveCfg = Release|Any CPU
		{23F4E07C-2EFF-4348-9E0A-4EA33A323D46}.Release|x64.Build.0 = Release|Any CPU
		{23F4E07C-2EFF-4348-9E0A-4EA33A323D46}.Release|x86.ActiveCfg = Release|Any CPU
		{23F4E07C-2EFF-4348-9E0A-4EA33A323D46}.Release|x86.Build.0 = Release|Any CPU
		{8AF057A1-7378-4A2C-AB43-2E9F704837F5}.Debug|Any CPU.ActiveCfg = Debug|Any CPU
		{8AF057A1-7378-4A2C-AB43-2E9F704837F5}.Debug|Any CPU.Build.0 = Debug|Any CPU
		{8AF057A1-7378-4A2C-AB43-2E9F704837F5}.Debug|x64.ActiveCfg = Debug|Any CPU
		{8AF057A1-7378-4A2C-AB43-2E9F704837F5}.Debug|x64.Build.0 = Debug|Any CPU
		{8AF057A1-7378-4A2C-AB43-2E9F704837F5}.Debug|x86.ActiveCfg = Debug|Any CPU
		{8AF057A1-7378-4A2C-AB43-2E9F704837F5}.Debug|x86.Build.0 = Debug|Any CPU
		{8AF057A1-7378-4A2C-AB43-2E9F704837F5}.Release|Any CPU.ActiveCfg = Release|Any CPU
		{8AF057A1-7378-4A2C-AB43-2E9F704837F5}.Release|Any CPU.Build.0 = Release|Any CPU
		{8AF057A1-7378-4A2C-AB43-2E9F704837F5}.Release|x64.ActiveCfg = Release|Any CPU
		{8AF057A1-7378-4A2C-AB43-2E9F704837F5}.Release|x64.Build.0 = Release|Any CPU
		{8AF057A1-7378-4A2C-AB43-2E9F704837F5}.Release|x86.ActiveCfg = Release|Any CPU
		{8AF057A1-7378-4A2C-AB43-2E9F704837F5}.Release|x86.Build.0 = Release|Any CPU
		{018D63A6-3A47-4CA7-ACF5-353D44BBED2F}.Debug|Any CPU.ActiveCfg = Debug|Any CPU
		{018D63A6-3A47-4CA7-ACF5-353D44BBED2F}.Debug|Any CPU.Build.0 = Debug|Any CPU
		{018D63A6-3A47-4CA7-ACF5-353D44BBED2F}.Debug|x64.ActiveCfg = Debug|Any CPU
		{018D63A6-3A47-4CA7-ACF5-353D44BBED2F}.Debug|x64.Build.0 = Debug|Any CPU
		{018D63A6-3A47-4CA7-ACF5-353D44BBED2F}.Debug|x86.ActiveCfg = Debug|Any CPU
		{018D63A6-3A47-4CA7-ACF5-353D44BBED2F}.Debug|x86.Build.0 = Debug|Any CPU
		{018D63A6-3A47-4CA7-ACF5-353D44BBED2F}.Release|Any CPU.ActiveCfg = Release|Any CPU
		{018D63A6-3A47-4CA7-ACF5-353D44BBED2F}.Release|Any CPU.Build.0 = Release|Any CPU
		{018D63A6-3A47-4CA7-ACF5-353D44BBED2F}.Release|x64.ActiveCfg = Release|Any CPU
		{018D63A6-3A47-4CA7-ACF5-353D44BBED2F}.Release|x64.Build.0 = Release|Any CPU
		{018D63A6-3A47-4CA7-ACF5-353D44BBED2F}.Release|x86.ActiveCfg = Release|Any CPU
		{018D63A6-3A47-4CA7-ACF5-353D44BBED2F}.Release|x86.Build.0 = Release|Any CPU
		{1A45198F-AA7E-498A-9D8F-5C19483FCC17}.Debug|Any CPU.ActiveCfg = Debug|Any CPU
		{1A45198F-AA7E-498A-9D8F-5C19483FCC17}.Debug|Any CPU.Build.0 = Debug|Any CPU
		{1A45198F-AA7E-498A-9D8F-5C19483FCC17}.Debug|x64.ActiveCfg = Debug|Any CPU
		{1A45198F-AA7E-498A-9D8F-5C19483FCC17}.Debug|x64.Build.0 = Debug|Any CPU
		{1A45198F-AA7E-498A-9D8F-5C19483FCC17}.Debug|x86.ActiveCfg = Debug|Any CPU
		{1A45198F-AA7E-498A-9D8F-5C19483FCC17}.Debug|x86.Build.0 = Debug|Any CPU
		{1A45198F-AA7E-498A-9D8F-5C19483FCC17}.Release|Any CPU.ActiveCfg = Release|Any CPU
		{1A45198F-AA7E-498A-9D8F-5C19483FCC17}.Release|Any CPU.Build.0 = Release|Any CPU
		{1A45198F-AA7E-498A-9D8F-5C19483FCC17}.Release|x64.ActiveCfg = Release|Any CPU
		{1A45198F-AA7E-498A-9D8F-5C19483FCC17}.Release|x64.Build.0 = Release|Any CPU
		{1A45198F-AA7E-498A-9D8F-5C19483FCC17}.Release|x86.ActiveCfg = Release|Any CPU
		{1A45198F-AA7E-498A-9D8F-5C19483FCC17}.Release|x86.Build.0 = Release|Any CPU
		{50D97556-0A65-4B8B-9BA7-8AF7BC5EF78F}.Debug|Any CPU.ActiveCfg = Debug|Any CPU
		{50D97556-0A65-4B8B-9BA7-8AF7BC5EF78F}.Debug|Any CPU.Build.0 = Debug|Any CPU
		{50D97556-0A65-4B8B-9BA7-8AF7BC5EF78F}.Debug|x64.ActiveCfg = Debug|Any CPU
		{50D97556-0A65-4B8B-9BA7-8AF7BC5EF78F}.Debug|x64.Build.0 = Debug|Any CPU
		{50D97556-0A65-4B8B-9BA7-8AF7BC5EF78F}.Debug|x86.ActiveCfg = Debug|Any CPU
		{50D97556-0A65-4B8B-9BA7-8AF7BC5EF78F}.Debug|x86.Build.0 = Debug|Any CPU
		{50D97556-0A65-4B8B-9BA7-8AF7BC5EF78F}.Release|Any CPU.ActiveCfg = Release|Any CPU
		{50D97556-0A65-4B8B-9BA7-8AF7BC5EF78F}.Release|Any CPU.Build.0 = Release|Any CPU
		{50D97556-0A65-4B8B-9BA7-8AF7BC5EF78F}.Release|x64.ActiveCfg = Release|Any CPU
		{50D97556-0A65-4B8B-9BA7-8AF7BC5EF78F}.Release|x64.Build.0 = Release|Any CPU
		{50D97556-0A65-4B8B-9BA7-8AF7BC5EF78F}.Release|x86.ActiveCfg = Release|Any CPU
		{50D97556-0A65-4B8B-9BA7-8AF7BC5EF78F}.Release|x86.Build.0 = Release|Any CPU
		{CB402273-7309-4E61-838B-E55730700210}.Debug|Any CPU.ActiveCfg = Debug|Any CPU
		{CB402273-7309-4E61-838B-E55730700210}.Debug|Any CPU.Build.0 = Debug|Any CPU
		{CB402273-7309-4E61-838B-E55730700210}.Debug|x64.ActiveCfg = Debug|Any CPU
		{CB402273-7309-4E61-838B-E55730700210}.Debug|x64.Build.0 = Debug|Any CPU
		{CB402273-7309-4E61-838B-E55730700210}.Debug|x86.ActiveCfg = Debug|Any CPU
		{CB402273-7309-4E61-838B-E55730700210}.Debug|x86.Build.0 = Debug|Any CPU
		{CB402273-7309-4E61-838B-E55730700210}.Release|Any CPU.ActiveCfg = Release|Any CPU
		{CB402273-7309-4E61-838B-E55730700210}.Release|Any CPU.Build.0 = Release|Any CPU
		{CB402273-7309-4E61-838B-E55730700210}.Release|x64.ActiveCfg = Release|Any CPU
		{CB402273-7309-4E61-838B-E55730700210}.Release|x64.Build.0 = Release|Any CPU
		{CB402273-7309-4E61-838B-E55730700210}.Release|x86.ActiveCfg = Release|Any CPU
		{CB402273-7309-4E61-838B-E55730700210}.Release|x86.Build.0 = Release|Any CPU
		{D079CFAA-7235-464B-8EA0-FAC2D4053DED}.Debug|Any CPU.ActiveCfg = Debug|Any CPU
		{D079CFAA-7235-464B-8EA0-FAC2D4053DED}.Debug|Any CPU.Build.0 = Debug|Any CPU
		{D079CFAA-7235-464B-8EA0-FAC2D4053DED}.Debug|x64.ActiveCfg = Debug|Any CPU
		{D079CFAA-7235-464B-8EA0-FAC2D4053DED}.Debug|x64.Build.0 = Debug|Any CPU
		{D079CFAA-7235-464B-8EA0-FAC2D4053DED}.Debug|x86.ActiveCfg = Debug|Any CPU
		{D079CFAA-7235-464B-8EA0-FAC2D4053DED}.Debug|x86.Build.0 = Debug|Any CPU
		{D079CFAA-7235-464B-8EA0-FAC2D4053DED}.Release|Any CPU.ActiveCfg = Release|Any CPU
		{D079CFAA-7235-464B-8EA0-FAC2D4053DED}.Release|Any CPU.Build.0 = Release|Any CPU
		{D079CFAA-7235-464B-8EA0-FAC2D4053DED}.Release|x64.ActiveCfg = Release|Any CPU
		{D079CFAA-7235-464B-8EA0-FAC2D4053DED}.Release|x64.Build.0 = Release|Any CPU
		{D079CFAA-7235-464B-8EA0-FAC2D4053DED}.Release|x86.ActiveCfg = Release|Any CPU
		{D079CFAA-7235-464B-8EA0-FAC2D4053DED}.Release|x86.Build.0 = Release|Any CPU
		{BF4905AF-04CB-40E1-98F4-8183946C0009}.Debug|Any CPU.ActiveCfg = Debug|Any CPU
		{BF4905AF-04CB-40E1-98F4-8183946C0009}.Debug|Any CPU.Build.0 = Debug|Any CPU
		{BF4905AF-04CB-40E1-98F4-8183946C0009}.Debug|x64.ActiveCfg = Debug|Any CPU
		{BF4905AF-04CB-40E1-98F4-8183946C0009}.Debug|x64.Build.0 = Debug|Any CPU
		{BF4905AF-04CB-40E1-98F4-8183946C0009}.Debug|x86.ActiveCfg = Debug|Any CPU
		{BF4905AF-04CB-40E1-98F4-8183946C0009}.Debug|x86.Build.0 = Debug|Any CPU
		{BF4905AF-04CB-40E1-98F4-8183946C0009}.Release|Any CPU.ActiveCfg = Release|Any CPU
		{BF4905AF-04CB-40E1-98F4-8183946C0009}.Release|Any CPU.Build.0 = Release|Any CPU
		{BF4905AF-04CB-40E1-98F4-8183946C0009}.Release|x64.ActiveCfg = Release|Any CPU
		{BF4905AF-04CB-40E1-98F4-8183946C0009}.Release|x64.Build.0 = Release|Any CPU
		{BF4905AF-04CB-40E1-98F4-8183946C0009}.Release|x86.ActiveCfg = Release|Any CPU
		{BF4905AF-04CB-40E1-98F4-8183946C0009}.Release|x86.Build.0 = Release|Any CPU
		{38894636-32F6-4EAB-AD42-7376A11C46EC}.Debug|Any CPU.ActiveCfg = Debug|Any CPU
		{38894636-32F6-4EAB-AD42-7376A11C46EC}.Debug|Any CPU.Build.0 = Debug|Any CPU
		{38894636-32F6-4EAB-AD42-7376A11C46EC}.Debug|x64.ActiveCfg = Debug|Any CPU
		{38894636-32F6-4EAB-AD42-7376A11C46EC}.Debug|x64.Build.0 = Debug|Any CPU
		{38894636-32F6-4EAB-AD42-7376A11C46EC}.Debug|x86.ActiveCfg = Debug|Any CPU
		{38894636-32F6-4EAB-AD42-7376A11C46EC}.Debug|x86.Build.0 = Debug|Any CPU
		{38894636-32F6-4EAB-AD42-7376A11C46EC}.Release|Any CPU.ActiveCfg = Release|Any CPU
		{38894636-32F6-4EAB-AD42-7376A11C46EC}.Release|Any CPU.Build.0 = Release|Any CPU
		{38894636-32F6-4EAB-AD42-7376A11C46EC}.Release|x64.ActiveCfg = Release|Any CPU
		{38894636-32F6-4EAB-AD42-7376A11C46EC}.Release|x64.Build.0 = Release|Any CPU
		{38894636-32F6-4EAB-AD42-7376A11C46EC}.Release|x86.ActiveCfg = Release|Any CPU
		{38894636-32F6-4EAB-AD42-7376A11C46EC}.Release|x86.Build.0 = Release|Any CPU
		{6BECEB41-5409-4257-B750-E3647A8E644E}.Debug|Any CPU.ActiveCfg = Debug|Any CPU
		{6BECEB41-5409-4257-B750-E3647A8E644E}.Debug|Any CPU.Build.0 = Debug|Any CPU
		{6BECEB41-5409-4257-B750-E3647A8E644E}.Debug|x64.ActiveCfg = Debug|Any CPU
		{6BECEB41-5409-4257-B750-E3647A8E644E}.Debug|x64.Build.0 = Debug|Any CPU
		{6BECEB41-5409-4257-B750-E3647A8E644E}.Debug|x86.ActiveCfg = Debug|Any CPU
		{6BECEB41-5409-4257-B750-E3647A8E644E}.Debug|x86.Build.0 = Debug|Any CPU
		{6BECEB41-5409-4257-B750-E3647A8E644E}.Release|Any CPU.ActiveCfg = Release|Any CPU
		{6BECEB41-5409-4257-B750-E3647A8E644E}.Release|Any CPU.Build.0 = Release|Any CPU
		{6BECEB41-5409-4257-B750-E3647A8E644E}.Release|x64.ActiveCfg = Release|Any CPU
		{6BECEB41-5409-4257-B750-E3647A8E644E}.Release|x64.Build.0 = Release|Any CPU
		{6BECEB41-5409-4257-B750-E3647A8E644E}.Release|x86.ActiveCfg = Release|Any CPU
		{6BECEB41-5409-4257-B750-E3647A8E644E}.Release|x86.Build.0 = Release|Any CPU
		{CB9D9873-462A-4D19-982B-747C9A57F7EB}.Debug|Any CPU.ActiveCfg = Debug|Any CPU
		{CB9D9873-462A-4D19-982B-747C9A57F7EB}.Debug|Any CPU.Build.0 = Debug|Any CPU
		{CB9D9873-462A-4D19-982B-747C9A57F7EB}.Debug|x64.ActiveCfg = Debug|Any CPU
		{CB9D9873-462A-4D19-982B-747C9A57F7EB}.Debug|x64.Build.0 = Debug|Any CPU
		{CB9D9873-462A-4D19-982B-747C9A57F7EB}.Debug|x86.ActiveCfg = Debug|Any CPU
		{CB9D9873-462A-4D19-982B-747C9A57F7EB}.Debug|x86.Build.0 = Debug|Any CPU
		{CB9D9873-462A-4D19-982B-747C9A57F7EB}.Release|Any CPU.ActiveCfg = Release|Any CPU
		{CB9D9873-462A-4D19-982B-747C9A57F7EB}.Release|Any CPU.Build.0 = Release|Any CPU
		{CB9D9873-462A-4D19-982B-747C9A57F7EB}.Release|x64.ActiveCfg = Release|Any CPU
		{CB9D9873-462A-4D19-982B-747C9A57F7EB}.Release|x64.Build.0 = Release|Any CPU
		{CB9D9873-462A-4D19-982B-747C9A57F7EB}.Release|x86.ActiveCfg = Release|Any CPU
		{CB9D9873-462A-4D19-982B-747C9A57F7EB}.Release|x86.Build.0 = Release|Any CPU
		{12995D32-7D1C-45AB-AEED-449427E97412}.Debug|Any CPU.ActiveCfg = Debug|Any CPU
		{12995D32-7D1C-45AB-AEED-449427E97412}.Debug|Any CPU.Build.0 = Debug|Any CPU
		{12995D32-7D1C-45AB-AEED-449427E97412}.Debug|x64.ActiveCfg = Debug|Any CPU
		{12995D32-7D1C-45AB-AEED-449427E97412}.Debug|x64.Build.0 = Debug|Any CPU
		{12995D32-7D1C-45AB-AEED-449427E97412}.Debug|x86.ActiveCfg = Debug|Any CPU
		{12995D32-7D1C-45AB-AEED-449427E97412}.Debug|x86.Build.0 = Debug|Any CPU
		{12995D32-7D1C-45AB-AEED-449427E97412}.Release|Any CPU.ActiveCfg = Release|Any CPU
		{12995D32-7D1C-45AB-AEED-449427E97412}.Release|Any CPU.Build.0 = Release|Any CPU
		{12995D32-7D1C-45AB-AEED-449427E97412}.Release|x64.ActiveCfg = Release|Any CPU
		{12995D32-7D1C-45AB-AEED-449427E97412}.Release|x64.Build.0 = Release|Any CPU
		{12995D32-7D1C-45AB-AEED-449427E97412}.Release|x86.ActiveCfg = Release|Any CPU
		{12995D32-7D1C-45AB-AEED-449427E97412}.Release|x86.Build.0 = Release|Any CPU
	EndGlobalSection
	GlobalSection(NestedProjects) = preSolution
		{6BECEB41-5409-4257-B750-E3647A8E644E} = {A7869CE7-4930-4F79-92EC-E1CC9C67049F}
		{CB9D9873-462A-4D19-982B-747C9A57F7EB} = {A7869CE7-4930-4F79-92EC-E1CC9C67049F}
	EndGlobalSection
EndGlobal
